
Microsoft Visual Studio Solution File, Format Version 12.00
# Visual Studio Version 17
VisualStudioVersion = 17.9.34728.123
MinimumVisualStudioVersion = 10.0.40219.1
Project("{9A19103F-16F7-4668-BE54-9A1E7A4F7556}") = "ex01_wpf_start", "ex01_wpf_start\ex01_wpf_start.csproj", "{14F34F86-838B-418E-957E-D28515227D2B}"
EndProject
Project("{9A19103F-16F7-4668-BE54-9A1E7A4F7556}") = "ex02_wpf_condrols", "ex02_wpf_condrols\ex02_wpf_condrols.csproj", "{421AEAF0-597C-4392-B945-5DB7C74EED72}"
EndProject
Project("{FAE04EC0-301F-11D3-BF4B-00C04F79EFBC}") = "ex03_wpf_again", "ex03_wpf_again\ex03_wpf_again.csproj", "{08248A74-6832-451C-8344-96B451ECFE97}"
EndProject
Global
	GlobalSection(SolutionConfigurationPlatforms) = preSolution
		Debug|Any CPU = Debug|Any CPU
		Release|Any CPU = Release|Any CPU
	EndGlobalSection
	GlobalSection(ProjectConfigurationPlatforms) = postSolution
		{14F34F86-838B-418E-957E-D28515227D2B}.Debug|Any CPU.ActiveCfg = Debug|Any CPU
		{14F34F86-838B-418E-957E-D28515227D2B}.Debug|Any CPU.Build.0 = Debug|Any CPU
		{14F34F86-838B-418E-957E-D28515227D2B}.Release|Any CPU.ActiveCfg = Release|Any CPU
		{14F34F86-838B-418E-957E-D28515227D2B}.Release|Any CPU.Build.0 = Release|Any CPU
		{421AEAF0-597C-4392-B945-5DB7C74EED72}.Debug|Any CPU.ActiveCfg = Debug|Any CPU
		{421AEAF0-597C-4392-B945-5DB7C74EED72}.Debug|Any CPU.Build.0 = Debug|Any CPU
		{421AEAF0-597C-4392-B945-5DB7C74EED72}.Release|Any CPU.ActiveCfg = Release|Any CPU
		{421AEAF0-597C-4392-B945-5DB7C74EED72}.Release|Any CPU.Build.0 = Release|Any CPU
		{08248A74-6832-451C-8344-96B451ECFE97}.Debug|Any CPU.ActiveCfg = Debug|Any CPU
		{08248A74-6832-451C-8344-96B451ECFE97}.Debug|Any CPU.Build.0 = Debug|Any CPU
		{08248A74-6832-451C-8344-96B451ECFE97}.Release|Any CPU.ActiveCfg = Release|Any CPU
		{08248A74-6832-451C-8344-96B451ECFE97}.Release|Any CPU.Build.0 = Release|Any CPU
	EndGlobalSection
	GlobalSection(SolutionProperties) = preSolution
		HideSolutionNode = FALSE
	EndGlobalSection
	GlobalSection(ExtensibilityGlobals) = postSolution
		SolutionGuid = {3F52A53C-5263-4B4D-8977-79215243F58F}
	EndGlobalSection
EndGlobal
